
Microsoft Visual Studio Solution File, Format Version 12.00
# Visual Studio Version 17
VisualStudioVersion = 17.4.33205.214
MinimumVisualStudioVersion = 10.0.40219.1
Project("{FAE04EC0-301F-11D3-BF4B-00C04F79EFBC}") = "eTickets", "eTickets\eTickets.csproj", "{AAF95762-6706-47BE-9442-89E2C27D6412}"
EndProject
Global
	GlobalSection(SolutionConfigurationPlatforms) = preSolution
		Debug|Any CPU = Debug|Any CPU
		Release|Any CPU = Release|Any CPU
	EndGlobalSection
	GlobalSection(ProjectConfigurationPlatforms) = postSolution
		{AAF95762-6706-47BE-9442-89E2C27D6412}.Debug|Any CPU.ActiveCfg = Debug|Any CPU
		{AAF95762-6706-47BE-9442-89E2C27D6412}.Debug|Any CPU.Build.0 = Debug|Any CPU
		{AAF95762-6706-47BE-9442-89E2C27D6412}.Release|Any CPU.ActiveCfg = Release|Any CPU
		{AAF95762-6706-47BE-9442-89E2C27D6412}.Release|Any CPU.Build.0 = Release|Any CPU
	EndGlobalSection
	GlobalSection(SolutionProperties) = preSolution
		HideSolutionNode = FALSE
	EndGlobalSection
	GlobalSection(ExtensibilityGlobals) = postSolution
		SolutionGuid = {096FD1E8-7924-49B7-945A-3606A3742A3C}
	EndGlobalSection
EndGlobal
